<?xml version="1.0" encoding="utf-8"?>
<Project ToolsVersion="18.0" xmlns="http://schemas.microsoft.com/developer/msbuild/2003">
  <ItemGroup>
    <CustomBuild Include="D:\BrishkamalMaterial\ColonelDocuments\CodeHub\Projects\Cpp\baaghchaal\libraries\SDL\build_wn\CMakeFiles\b268da252c95e25d20efe710a4421de4\59aaee9fdf6c2ba5.rule">
      <Filter>CMake Rules</Filter>
    </CustomBuild>
    <CustomBuild Include="D:\BrishkamalMaterial\ColonelDocuments\CodeHub\Projects\Cpp\baaghchaal\libraries\SDL\build_wn\CMakeFiles\b268da252c95e25d20efe710a4421de4\6bad92480293cd49.rule">
      <Filter>CMake Rules</Filter>
    </CustomBuild>
    <CustomBuild Include="D:\BrishkamalMaterial\ColonelDocuments\CodeHub\Projects\Cpp\baaghchaal\libraries\SDL\build_wn\CMakeFiles\b268da252c95e25d20efe710a4421de4\5d3a139a85919951.rule">
      <Filter>CMake Rules</Filter>
    </CustomBuild>
    <CustomBuild Include="D:\BrishkamalMaterial\ColonelDocuments\CodeHub\Projects\Cpp\baaghchaal\libraries\SDL\build_wn\CMakeFiles\b268da252c95e25d20efe710a4421de4\4d3be8adfa652045.rule">
      <Filter>CMake Rules</Filter>
    </CustomBuild>
    <CustomBuild Include="D:\BrishkamalMaterial\ColonelDocuments\CodeHub\Projects\Cpp\baaghchaal\libraries\SDL\build_wn\CMakeFiles\b268da252c95e25d20efe710a4421de4\ea60a739dc1a5182.rule">
      <Filter>CMake Rules</Filter>
    </CustomBuild>
    <CustomBuild Include="D:\BrishkamalMaterial\ColonelDocuments\CodeHub\Projects\Cpp\baaghchaal\libraries\SDL\build_wn\CMakeFiles\b268da252c95e25d20efe710a4421de4\0f4f7a04b0301553.rule">
      <Filter>CMake Rules</Filter>
    </CustomBuild>
    <CustomBuild Include="D:\BrishkamalMaterial\ColonelDocuments\CodeHub\Projects\Cpp\baaghchaal\libraries\SDL\build_wn\CMakeFiles\b268da252c95e25d20efe710a4421de4\f0ec6c8be20f32b3.rule">
      <Filter>CMake Rules</Filter>
    </CustomBuild>
    <CustomBuild Include="D:\BrishkamalMaterial\ColonelDocuments\CodeHub\Projects\Cpp\baaghchaal\libraries\SDL\build_wn\CMakeFiles\b268da252c95e25d20efe710a4421de4\39233f56cacca5da.rule">
      <Filter>CMake Rules</Filter>
    </CustomBuild>
    <CustomBuild Include="D:\BrishkamalMaterial\ColonelDocuments\CodeHub\Projects\Cpp\baaghchaal\libraries\SDL\build_wn\CMakeFiles\b268da252c95e25d20efe710a4421de4\c677f4a172361883.rule">
      <Filter>CMake Rules</Filter>
    </CustomBuild>
    <CustomBuild Include="D:\BrishkamalMaterial\ColonelDocuments\CodeHub\Projects\Cpp\baaghchaal\libraries\SDL\build_wn\CMakeFiles\b268da252c95e25d20efe710a4421de4\8cf16a5e32c567a5.rule">
      <Filter>CMake Rules</Filter>
    </CustomBuild>
    <CustomBuild Include="D:\BrishkamalMaterial\ColonelDocuments\CodeHub\Projects\Cpp\baaghchaal\libraries\SDL\build_wn\CMakeFiles\b268da252c95e25d20efe710a4421de4\f97c072e23e34cc8.rule">
      <Filter>CMake Rules</Filter>
    </CustomBuild>
    <CustomBuild Include="D:\BrishkamalMaterial\ColonelDocuments\CodeHub\Projects\Cpp\baaghchaal\libraries\SDL\build_wn\CMakeFiles\b268da252c95e25d20efe710a4421de4\c1d72bab5c370291.rule">
      <Filter>CMake Rules</Filter>
    </CustomBuild>
    <CustomBuild Include="D:\BrishkamalMaterial\ColonelDocuments\CodeHub\Projects\Cpp\baaghchaal\libraries\SDL\build_wn\CMakeFiles\b268da252c95e25d20efe710a4421de4\06c7cf2d44b5258f.rule">
      <Filter>CMake Rules</Filter>
    </CustomBuild>
    <CustomBuild Include="D:\BrishkamalMaterial\ColonelDocuments\CodeHub\Projects\Cpp\baaghchaal\libraries\SDL\build_wn\CMakeFiles\b268da252c95e25d20efe710a4421de4\fb118895c319d2e4.rule">
      <Filter>CMake Rules</Filter>
    </CustomBuild>
    <CustomBuild Include="D:\BrishkamalMaterial\ColonelDocuments\CodeHub\Projects\Cpp\baaghchaal\libraries\SDL\build_wn\CMakeFiles\b268da252c95e25d20efe710a4421de4\f1c44e4da45ae4b0.rule">
      <Filter>CMake Rules</Filter>
    </CustomBuild>
    <CustomBuild Include="D:\BrishkamalMaterial\ColonelDocuments\CodeHub\Projects\Cpp\baaghchaal\libraries\SDL\build_wn\CMakeFiles\b268da252c95e25d20efe710a4421de4\0a075d551ff7e91f.rule">
      <Filter>CMake Rules</Filter>
    </CustomBuild>
    <CustomBuild Include="D:\BrishkamalMaterial\ColonelDocuments\CodeHub\Projects\Cpp\baaghchaal\libraries\SDL\build_wn\CMakeFiles\b268da252c95e25d20efe710a4421de4\8eb0e72d1fd1287a.rule">
      <Filter>CMake Rules</Filter>
    </CustomBuild>
    <CustomBuild Include="D:\BrishkamalMaterial\ColonelDocuments\CodeHub\Projects\Cpp\baaghchaal\libraries\SDL\build_wn\CMakeFiles\b268da252c95e25d20efe710a4421de4\c9407b3d61fed708.rule">
      <Filter>CMake Rules</Filter>
    </CustomBuild>
    <CustomBuild Include="D:\BrishkamalMaterial\ColonelDocuments\CodeHub\Projects\Cpp\baaghchaal\libraries\SDL\build_wn\CMakeFiles\b268da252c95e25d20efe710a4421de4\2881da312bcda9f8.rule">
      <Filter>CMake Rules</Filter>
    </CustomBuild>
    <CustomBuild Include="D:\BrishkamalMaterial\ColonelDocuments\CodeHub\Projects\Cpp\baaghchaal\libraries\SDL\build_wn\CMakeFiles\b268da252c95e25d20efe710a4421de4\68f699e86e795925.rule">
      <Filter>CMake Rules</Filter>
    </CustomBuild>
    <CustomBuild Include="D:\BrishkamalMaterial\ColonelDocuments\CodeHub\Projects\Cpp\baaghchaal\libraries\SDL\build_wn\CMakeFiles\b268da252c95e25d20efe710a4421de4\fc5d129e8eab8140.rule">
      <Filter>CMake Rules</Filter>
    </CustomBuild>
    <CustomBuild Include="D:\BrishkamalMaterial\ColonelDocuments\CodeHub\Projects\Cpp\baaghchaal\libraries\SDL\build_wn\CMakeFiles\b268da252c95e25d20efe710a4421de4\95574d644759db9d.rule">
      <Filter>CMake Rules</Filter>
    </CustomBuild>
    <CustomBuild Include="D:\BrishkamalMaterial\ColonelDocuments\CodeHub\Projects\Cpp\baaghchaal\libraries\SDL\build_wn\CMakeFiles\b268da252c95e25d20efe710a4421de4\fabad24333107b15.rule">
      <Filter>CMake Rules</Filter>
    </CustomBuild>
    <CustomBuild Include="D:\BrishkamalMaterial\ColonelDocuments\CodeHub\Projects\Cpp\baaghchaal\libraries\SDL\build_wn\CMakeFiles\b268da252c95e25d20efe710a4421de4\bb6ed0c49812da11.rule">
      <Filter>CMake Rules</Filter>
    </CustomBuild>
    <CustomBuild Include="D:\BrishkamalMaterial\ColonelDocuments\CodeHub\Projects\Cpp\baaghchaal\libraries\SDL\build_wn\CMakeFiles\b268da252c95e25d20efe710a4421de4\be3bf2dfcac7e425.rule">
      <Filter>CMake Rules</Filter>
    </CustomBuild>
    <CustomBuild Include="D:\BrishkamalMaterial\ColonelDocuments\CodeHub\Projects\Cpp\baaghchaal\libraries\SDL\build_wn\CMakeFiles\b268da252c95e25d20efe710a4421de4\d86924ebbb3e0fac.rule">
      <Filter>CMake Rules</Filter>
    </CustomBuild>
    <CustomBuild Include="D:\BrishkamalMaterial\ColonelDocuments\CodeHub\Projects\Cpp\baaghchaal\libraries\SDL\build_wn\CMakeFiles\b268da252c95e25d20efe710a4421de4\365e967104951a4b.rule">
      <Filter>CMake Rules</Filter>
    </CustomBuild>
    <CustomBuild Include="D:\BrishkamalMaterial\ColonelDocuments\CodeHub\Projects\Cpp\baaghchaal\libraries\SDL\build_wn\CMakeFiles\b268da252c95e25d20efe710a4421de4\30f705a27fa1389e.rule">
      <Filter>CMake Rules</Filter>
    </CustomBuild>
    <CustomBuild Include="D:\BrishkamalMaterial\ColonelDocuments\CodeHub\Projects\Cpp\baaghchaal\libraries\SDL\build_wn\CMakeFiles\b268da252c95e25d20efe710a4421de4\ad2b0673fed5cf26.rule">
      <Filter>CMake Rules</Filter>
    </CustomBuild>
    <CustomBuild Include="D:\BrishkamalMaterial\ColonelDocuments\CodeHub\Projects\Cpp\baaghchaal\libraries\SDL\build_wn\CMakeFiles\b268da252c95e25d20efe710a4421de4\24eaef04fe62b8d1.rule">
      <Filter>CMake Rules</Filter>
    </CustomBuild>
    <CustomBuild Include="D:\BrishkamalMaterial\ColonelDocuments\CodeHub\Projects\Cpp\baaghchaal\libraries\SDL\build_wn\CMakeFiles\b268da252c95e25d20efe710a4421de4\aa110625be642027.rule">
      <Filter>CMake Rules</Filter>
    </CustomBuild>
    <CustomBuild Include="D:\BrishkamalMaterial\ColonelDocuments\CodeHub\Projects\Cpp\baaghchaal\libraries\SDL\build_wn\CMakeFiles\b268da252c95e25d20efe710a4421de4\c9675d6b7c865bcd.rule">
      <Filter>CMake Rules</Filter>
    </CustomBuild>
    <CustomBuild Include="D:\BrishkamalMaterial\ColonelDocuments\CodeHub\Projects\Cpp\baaghchaal\libraries\SDL\build_wn\CMakeFiles\b268da252c95e25d20efe710a4421de4\9248dbca840c33bf.rule">
      <Filter>CMake Rules</Filter>
    </CustomBuild>
    <CustomBuild Include="D:\BrishkamalMaterial\ColonelDocuments\CodeHub\Projects\Cpp\baaghchaal\libraries\SDL\build_wn\CMakeFiles\b268da252c95e25d20efe710a4421de4\9d3de69fe375ad9a.rule">
      <Filter>CMake Rules</Filter>
    </CustomBuild>
    <CustomBuild Include="D:\BrishkamalMaterial\ColonelDocuments\CodeHub\Projects\Cpp\baaghchaal\libraries\SDL\build_wn\CMakeFiles\b268da252c95e25d20efe710a4421de4\2a4992ca250c9fbb.rule">
      <Filter>CMake Rules</Filter>
    </CustomBuild>
    <CustomBuild Include="D:\BrishkamalMaterial\ColonelDocuments\CodeHub\Projects\Cpp\baaghchaal\libraries\SDL\build_wn\CMakeFiles\b268da252c95e25d20efe710a4421de4\7e7cbfd063db0b4b.rule">
      <Filter>CMake Rules</Filter>
    </CustomBuild>
    <CustomBuild Include="D:\BrishkamalMaterial\ColonelDocuments\CodeHub\Projects\Cpp\baaghchaal\libraries\SDL\build_wn\CMakeFiles\b268da252c95e25d20efe710a4421de4\473b353275b98060.rule">
      <Filter>CMake Rules</Filter>
    </CustomBuild>
    <CustomBuild Include="D:\BrishkamalMaterial\ColonelDocuments\CodeHub\Projects\Cpp\baaghchaal\libraries\SDL\build_wn\CMakeFiles\b268da252c95e25d20efe710a4421de4\bbd2efc22fa739b0.rule">
      <Filter>CMake Rules</Filter>
    </CustomBuild>
    <CustomBuild Include="D:\BrishkamalMaterial\ColonelDocuments\CodeHub\Projects\Cpp\baaghchaal\libraries\SDL\build_wn\CMakeFiles\b268da252c95e25d20efe710a4421de4\6b66b4e303c5e188.rule">
      <Filter>CMake Rules</Filter>
    </CustomBuild>
    <CustomBuild Include="D:\BrishkamalMaterial\ColonelDocuments\CodeHub\Projects\Cpp\baaghchaal\libraries\SDL\build_wn\CMakeFiles\b268da252c95e25d20efe710a4421de4\copy-sdl-test-resources.rule">
      <Filter>CMake Rules</Filter>
    </CustomBuild>
    <CustomBuild Include="D:\BrishkamalMaterial\ColonelDocuments\CodeHub\Projects\Cpp\baaghchaal\libraries\SDL\test\CMakeLists.txt" />
  </ItemGroup>
  <ItemGroup>
    <None Include="D:\BrishkamalMaterial\ColonelDocuments\CodeHub\Projects\Cpp\baaghchaal\libraries\SDL\build_wn\test\CMakeFiles\copy-sdl-test-resources" />
  </ItemGroup>
  <ItemGroup>
    <Filter Include="CMake Rules">
      <UniqueIdentifier>{E8660839-28CA-3EBE-A8E8-5F63A36E7CE6}</UniqueIdentifier>
    </Filter>
  </ItemGroup>
</Project>
