<?xml version="1.0" encoding="utf-8"?>
<Project ToolsVersion="18.0" xmlns="http://schemas.microsoft.com/developer/msbuild/2003">
  <ItemGroup>
    <ClCompile Include="D:\BrishkamalMaterial\ColonelDocuments\CodeHub\Projects\Cpp\baaghchaal\libraries\SDL\test\testgeometry.c">
      <Filter>Source Files</Filter>
    </ClCompile>
  </ItemGroup>
  <ItemGroup>
    <CustomBuild Include="D:\BrishkamalMaterial\ColonelDocuments\CodeHub\Projects\Cpp\baaghchaal\libraries\SDL\test\CMakeLists.txt" />
  </ItemGroup>
  <ItemGroup>
    <Object Include="D:\BrishkamalMaterial\ColonelDocuments\CodeHub\Projects\Cpp\baaghchaal\libraries\SDL\build_wn\test\sdltests_utils.dir\$(Configuration)\testutils.obj">
      <Filter>Object Libraries</Filter>
    </Object>
  </ItemGroup>
  <ItemGroup>
    <Filter Include="Object Libraries">
      <UniqueIdentifier>{9947B175-46CD-3599-AAD5-C49A93B5A51C}</UniqueIdentifier>
    </Filter>
    <Filter Include="Source Files">
      <UniqueIdentifier>{906E8185-6315-3CB1-A62F-1D0C698550D9}</UniqueIdentifier>
    </Filter>
  </ItemGroup>
</Project>
