<?xml version="1.0" encoding="utf-8"?>
<Project ToolsVersion="18.0" xmlns="http://schemas.microsoft.com/developer/msbuild/2003">
  <ItemGroup>
    <ClCompile Include="D:\BrishkamalMaterial\ColonelDocuments\CodeHub\Projects\Cpp\baaghchaal\libraries\SDL3_ttf\examples\testapp.c">
      <Filter>Source Files</Filter>
    </ClCompile>
  </ItemGroup>
  <ItemGroup>
    <CustomBuild Include="D:\BrishkamalMaterial\ColonelDocuments\CodeHub\Projects\Cpp\baaghchaal\libraries\SDL3_ttf\CMakeLists.txt" />
  </ItemGroup>
  <ItemGroup>
    <Filter Include="Source Files">
      <UniqueIdentifier>{FBA6DEB8-6F11-3FBD-B25B-7F5AEFBFC703}</UniqueIdentifier>
    </Filter>
  </ItemGroup>
</Project>
