<?xml version="1.0" encoding="utf-8"?>
<Project ToolsVersion="18.0" xmlns="http://schemas.microsoft.com/developer/msbuild/2003">
  <ItemGroup>
    <CustomBuild Include="D:\BrishkamalMaterial\ColonelDocuments\CodeHub\Projects\Cpp\baaghchaal\libraries\SDL3_ttf\build_wn\CMakeFiles\c9968b999947b9c1677c1cfa2c0ad407\generate.stamp.rule">
      <Filter>CMake Rules</Filter>
    </CustomBuild>
  </ItemGroup>
  <ItemGroup>
    <Filter Include="CMake Rules">
      <UniqueIdentifier>{11B8A17A-00F5-3D70-B8A8-696019E6F676}</UniqueIdentifier>
    </Filter>
  </ItemGroup>
</Project>
