<?xml version="1.0" encoding="utf-8"?>
<Project ToolsVersion="18.0" xmlns="http://schemas.microsoft.com/developer/msbuild/2003">
  <ItemGroup>
    <CustomBuild Include="D:\BrishkamalMaterial\ColonelDocuments\CodeHub\Projects\Cpp\baaghchaal\libraries\SDL3_mixer\build_wn\CMakeFiles\8f042e405f2c04bdca7ff9d267c385b0\2f14dfef286fda29.rule">
      <Filter>CMake Rules</Filter>
    </CustomBuild>
    <CustomBuild Include="D:\BrishkamalMaterial\ColonelDocuments\CodeHub\Projects\Cpp\baaghchaal\libraries\SDL3_mixer\build_wn\CMakeFiles\8f042e405f2c04bdca7ff9d267c385b0\8df78b5242214970.rule">
      <Filter>CMake Rules</Filter>
    </CustomBuild>
    <CustomBuild Include="D:\BrishkamalMaterial\ColonelDocuments\CodeHub\Projects\Cpp\baaghchaal\libraries\SDL3_mixer\build_wn\CMakeFiles\8f042e405f2c04bdca7ff9d267c385b0\a5b58d395550e481.rule">
      <Filter>CMake Rules</Filter>
    </CustomBuild>
    <CustomBuild Include="D:\BrishkamalMaterial\ColonelDocuments\CodeHub\Projects\Cpp\baaghchaal\libraries\SDL3_mixer\build_wn\CMakeFiles\8f042e405f2c04bdca7ff9d267c385b0\df06b88f1dbf53c8.rule">
      <Filter>CMake Rules</Filter>
    </CustomBuild>
    <CustomBuild Include="D:\BrishkamalMaterial\ColonelDocuments\CodeHub\Projects\Cpp\baaghchaal\libraries\SDL3_mixer\build_wn\CMakeFiles\8f042e405f2c04bdca7ff9d267c385b0\copy-sdlmixer-example-resources.rule">
      <Filter>CMake Rules</Filter>
    </CustomBuild>
    <CustomBuild Include="D:\BrishkamalMaterial\ColonelDocuments\CodeHub\Projects\Cpp\baaghchaal\libraries\SDL3_mixer\examples\CMakeLists.txt" />
  </ItemGroup>
  <ItemGroup>
    <None Include="D:\BrishkamalMaterial\ColonelDocuments\CodeHub\Projects\Cpp\baaghchaal\libraries\SDL3_mixer\build_wn\examples\CMakeFiles\copy-sdlmixer-example-resources" />
  </ItemGroup>
  <ItemGroup>
    <Filter Include="CMake Rules">
      <UniqueIdentifier>{69001ECD-446A-3377-B363-724F2BE1CB6E}</UniqueIdentifier>
    </Filter>
  </ItemGroup>
</Project>
