<?xml version="1.0" encoding="UTF-8"?>
<Solution>
	<Configurations>
		<BuildType Name="RelWithDebInfo"/>
		<BuildType Name="Debug"/>
		<BuildType Name="Release"/>
		<BuildType Name="MinSizeRel"/>
		<Platform Name="x64"/>
	</Configurations>
	<Project Path="ALL_BUILD.vcxproj" Type="8bc9ceb8-8b4a-11d0-8d11-00a0c91bc942" Id="1050bf09-c5e7-3b93-b3eb-83cc9c5aa04f" DefaultStartup="true">
		<BuildDependency Project="SDL3-shared.vcxproj"/>
		<BuildDependency Project="SDL3_test.vcxproj"/>
		<BuildDependency Project="SDL_uclibc.vcxproj"/>
		<BuildDependency Project="ZERO_CHECK.vcxproj"/>
		<BuildDependency Project="test/checkkeys.vcxproj"/>
		<BuildDependency Project="test/childprocess.vcxproj"/>
		<BuildDependency Project="test/loopwave.vcxproj"/>
		<BuildDependency Project="test/sdltests_utils.vcxproj"/>
		<BuildDependency Project="test/testasyncio.vcxproj"/>
		<BuildDependency Project="test/testatomic.vcxproj"/>
		<BuildDependency Project="test/testaudio.vcxproj"/>
		<BuildDependency Project="test/testaudiohotplug.vcxproj"/>
		<BuildDependency Project="test/testaudioinfo.vcxproj"/>
		<BuildDependency Project="test/testaudiorecording.vcxproj"/>
		<BuildDependency Project="test/testaudiostreamdynamicresample.vcxproj"/>
		<BuildDependency Project="test/testautomation.vcxproj"/>
		<BuildDependency Project="test/testbounds.vcxproj"/>
		<BuildDependency Project="test/testcamera.vcxproj"/>
		<BuildDependency Project="test/testclipboard.vcxproj"/>
		<BuildDependency Project="test/testcolorspace.vcxproj"/>
		<BuildDependency Project="test/testcontroller.vcxproj"/>
		<BuildDependency Project="test/testcustomcursor.vcxproj"/>
		<BuildDependency Project="test/testdialog.vcxproj"/>
		<BuildDependency Project="test/testdisplayinfo.vcxproj"/>
		<BuildDependency Project="test/testdlopennote.vcxproj"/>
		<BuildDependency Project="test/testdraw.vcxproj"/>
		<BuildDependency Project="test/testdrawchessboard.vcxproj"/>
		<BuildDependency Project="test/testdropfile.vcxproj"/>
		<BuildDependency Project="test/testerror.vcxproj"/>
		<BuildDependency Project="test/testevdev.vcxproj"/>
		<BuildDependency Project="test/testfile.vcxproj"/>
		<BuildDependency Project="test/testfilesystem.vcxproj"/>
		<BuildDependency Project="test/testgeometry.vcxproj"/>
		<BuildDependency Project="test/testgl.vcxproj"/>
		<BuildDependency Project="test/testgles.vcxproj"/>
		<BuildDependency Project="test/testgles2.vcxproj"/>
		<BuildDependency Project="test/testgpu_simple_clear.vcxproj"/>
		<BuildDependency Project="test/testgpu_spinning_cube.vcxproj"/>
		<BuildDependency Project="test/testgpu_spinning_cube_xr.vcxproj"/>
		<BuildDependency Project="test/testgpurender_effects.vcxproj"/>
		<BuildDependency Project="test/testgpurender_msdf.vcxproj"/>
		<BuildDependency Project="test/testhaptic.vcxproj"/>
		<BuildDependency Project="test/testhittesting.vcxproj"/>
		<BuildDependency Project="test/testhotplug.vcxproj"/>
		<BuildDependency Project="test/testiconv.vcxproj"/>
		<BuildDependency Project="test/testime.vcxproj"/>
		<BuildDependency Project="test/testintersections.vcxproj"/>
		<BuildDependency Project="test/testkeys.vcxproj"/>
		<BuildDependency Project="test/testloadso.vcxproj"/>
		<BuildDependency Project="test/testlocale.vcxproj"/>
		<BuildDependency Project="test/testlock.vcxproj"/>
		<BuildDependency Project="test/testmanymouse.vcxproj"/>
		<BuildDependency Project="test/testmessage.vcxproj"/>
		<BuildDependency Project="test/testmodal.vcxproj"/>
		<BuildDependency Project="test/testmouse.vcxproj"/>
		<BuildDependency Project="test/testmultiaudio.vcxproj"/>
		<BuildDependency Project="test/testnative.vcxproj"/>
		<BuildDependency Project="test/testnotification.vcxproj"/>
		<BuildDependency Project="test/testoffscreen.vcxproj"/>
		<BuildDependency Project="test/testoverlay.vcxproj"/>
		<BuildDependency Project="test/testpalette.vcxproj"/>
		<BuildDependency Project="test/testpen.vcxproj"/>
		<BuildDependency Project="test/testplatform.vcxproj"/>
		<BuildDependency Project="test/testpopup.vcxproj"/>
		<BuildDependency Project="test/testpower.vcxproj"/>
		<BuildDependency Project="test/testprocess.vcxproj"/>
		<BuildDependency Project="test/testqsort.vcxproj"/>
		<BuildDependency Project="test/testrelative.vcxproj"/>
		<BuildDependency Project="test/testrendercopyex.vcxproj"/>
		<BuildDependency Project="test/testrendertarget.vcxproj"/>
		<BuildDependency Project="test/testresample.vcxproj"/>
		<BuildDependency Project="test/testrotate.vcxproj"/>
		<BuildDependency Project="test/testrumble.vcxproj"/>
		<BuildDependency Project="test/testrwlock.vcxproj"/>
		<BuildDependency Project="test/testscale.vcxproj"/>
		<BuildDependency Project="test/testsem.vcxproj"/>
		<BuildDependency Project="test/testsensor.vcxproj"/>
		<BuildDependency Project="test/testshader.vcxproj"/>
		<BuildDependency Project="test/testshape.vcxproj"/>
		<BuildDependency Project="test/testsoftwaretransparent.vcxproj"/>
		<BuildDependency Project="test/testsprite.vcxproj"/>
		<BuildDependency Project="test/testspritecxx.vcxproj"/>
		<BuildDependency Project="test/testspriteminimal.vcxproj"/>
		<BuildDependency Project="test/testspritesurface.vcxproj"/>
		<BuildDependency Project="test/testsurround.vcxproj"/>
		<BuildDependency Project="test/testsymbols.vcxproj"/>
		<BuildDependency Project="test/testthread.vcxproj"/>
		<BuildDependency Project="test/testtime.vcxproj"/>
		<BuildDependency Project="test/testtimer.vcxproj"/>
		<BuildDependency Project="test/testtray.vcxproj"/>
		<BuildDependency Project="test/testurl.vcxproj"/>
		<BuildDependency Project="test/testver.vcxproj"/>
		<BuildDependency Project="test/testviewport.vcxproj"/>
		<BuildDependency Project="test/testvulkan.vcxproj"/>
		<BuildDependency Project="test/testwm.vcxproj"/>
		<BuildDependency Project="test/testyuv.vcxproj"/>
		<BuildDependency Project="test/torturethread.vcxproj"/>
	</Project>
	<Project Path="INSTALL.vcxproj" Type="8bc9ceb8-8b4a-11d0-8d11-00a0c91bc942" Id="30bdad0e-d08e-3199-a372-ca4444ae553d">
		<BuildDependency Project="ALL_BUILD.vcxproj"/>
		<BuildDependency Project="ZERO_CHECK.vcxproj"/>
		<Build Solution="RelWithDebInfo|*" Project="false"/>
		<Build Solution="Debug|*" Project="false"/>
		<Build Solution="Release|*" Project="false"/>
		<Build Solution="MinSizeRel|*" Project="false"/>
	</Project>
	<Project Path="PACKAGE.vcxproj" Type="8bc9ceb8-8b4a-11d0-8d11-00a0c91bc942" Id="61fe764f-d610-384b-988a-e893a62374de">
		<BuildDependency Project="ALL_BUILD.vcxproj"/>
		<BuildDependency Project="ZERO_CHECK.vcxproj"/>
		<Build Solution="RelWithDebInfo|*" Project="false"/>
		<Build Solution="Debug|*" Project="false"/>
		<Build Solution="Release|*" Project="false"/>
		<Build Solution="MinSizeRel|*" Project="false"/>
	</Project>
	<Project Path="RUN_TESTS.vcxproj" Type="8bc9ceb8-8b4a-11d0-8d11-00a0c91bc942" Id="086f1f5a-cc19-3c58-aae3-61bed01022b7">
		<BuildDependency Project="ZERO_CHECK.vcxproj"/>
		<Build Solution="RelWithDebInfo|*" Project="false"/>
		<Build Solution="Debug|*" Project="false"/>
		<Build Solution="Release|*" Project="false"/>
		<Build Solution="MinSizeRel|*" Project="false"/>
	</Project>
	<Project Path="SDL3-shared.vcxproj" Type="8bc9ceb8-8b4a-11d0-8d11-00a0c91bc942" Id="869ef0f5-15b2-3909-a15f-008ba76e85a5">
		<BuildDependency Project="SDL_uclibc.vcxproj"/>
		<BuildDependency Project="ZERO_CHECK.vcxproj"/>
	</Project>
	<Project Path="SDL3_test.vcxproj" Type="8bc9ceb8-8b4a-11d0-8d11-00a0c91bc942" Id="9fbd94f3-d517-331e-a229-d5e12d9077be">
		<BuildDependency Project="ZERO_CHECK.vcxproj"/>
	</Project>
	<Project Path="SDL_uclibc.vcxproj" Type="8bc9ceb8-8b4a-11d0-8d11-00a0c91bc942" Id="14430acd-499b-3e5d-a811-8e7506a1a59a">
		<BuildDependency Project="ZERO_CHECK.vcxproj"/>
	</Project>
	<Project Path="ZERO_CHECK.vcxproj" Type="8bc9ceb8-8b4a-11d0-8d11-00a0c91bc942" Id="a5d9593c-46b4-322f-89cc-cd84401d1112"/>
	<Project Path="test/checkkeys.vcxproj" Type="8bc9ceb8-8b4a-11d0-8d11-00a0c91bc942" Id="7103a633-195b-335c-bd97-854bd2b14525">
		<BuildDependency Project="SDL3-shared.vcxproj"/>
		<BuildDependency Project="SDL3_test.vcxproj"/>
		<BuildDependency Project="ZERO_CHECK.vcxproj"/>
	</Project>
	<Project Path="test/childprocess.vcxproj" Type="8bc9ceb8-8b4a-11d0-8d11-00a0c91bc942" Id="b7d4b0be-be06-3c47-a46e-8dbe7f859b8e">
		<BuildDependency Project="SDL3-shared.vcxproj"/>
		<BuildDependency Project="SDL3_test.vcxproj"/>
		<BuildDependency Project="ZERO_CHECK.vcxproj"/>
	</Project>
	<Project Path="test/copy-sdl-test-resources.vcxproj" Type="8bc9ceb8-8b4a-11d0-8d11-00a0c91bc942" Id="9881bf4e-5c01-39df-9ff8-43c1154d6bed">
		<BuildDependency Project="ZERO_CHECK.vcxproj"/>
	</Project>
	<Project Path="test/generate-gamepad_image_headers.vcxproj" Type="8bc9ceb8-8b4a-11d0-8d11-00a0c91bc942" Id="0efcd97e-fed6-35a2-aad8-90a8b0a26f45">
		<BuildDependency Project="ZERO_CHECK.vcxproj"/>
	</Project>
	<Project Path="test/generate-glass_png_header.vcxproj" Type="8bc9ceb8-8b4a-11d0-8d11-00a0c91bc942" Id="6bace32b-2e88-3a1a-9b34-4614948a4135">
		<BuildDependency Project="ZERO_CHECK.vcxproj"/>
	</Project>
	<Project Path="test/generate-icon_png_header.vcxproj" Type="8bc9ceb8-8b4a-11d0-8d11-00a0c91bc942" Id="ece6a3b1-86a4-3e1f-9cb7-a74fe9cd6d9a">
		<BuildDependency Project="ZERO_CHECK.vcxproj"/>
	</Project>
	<Project Path="test/loopwave.vcxproj" Type="8bc9ceb8-8b4a-11d0-8d11-00a0c91bc942" Id="1060de47-73f0-3c36-9b37-200fd6e061d1">
		<BuildDependency Project="SDL3-shared.vcxproj"/>
		<BuildDependency Project="SDL3_test.vcxproj"/>
		<BuildDependency Project="ZERO_CHECK.vcxproj"/>
		<BuildDependency Project="test/copy-sdl-test-resources.vcxproj"/>
		<BuildDependency Project="test/sdltests_utils.vcxproj"/>
	</Project>
	<Project Path="test/sdlprocdump.vcxproj" Type="8bc9ceb8-8b4a-11d0-8d11-00a0c91bc942" Id="06635fc9-f918-38eb-8372-9c58e3b6321b">
		<BuildDependency Project="ZERO_CHECK.vcxproj"/>
	</Project>
	<Project Path="test/sdltests_utils.vcxproj" Type="8bc9ceb8-8b4a-11d0-8d11-00a0c91bc942" Id="50d627a1-b609-33ae-b17b-20d0a78d0ef9">
		<BuildDependency Project="ZERO_CHECK.vcxproj"/>
	</Project>
	<Project Path="test/testasyncio.vcxproj" Type="8bc9ceb8-8b4a-11d0-8d11-00a0c91bc942" Id="cff4c9d8-5cef-30a0-87e7-0d8086de6212">
		<BuildDependency Project="SDL3-shared.vcxproj"/>
		<BuildDependency Project="SDL3_test.vcxproj"/>
		<BuildDependency Project="ZERO_CHECK.vcxproj"/>
		<BuildDependency Project="test/copy-sdl-test-resources.vcxproj"/>
		<BuildDependency Project="test/sdltests_utils.vcxproj"/>
	</Project>
	<Project Path="test/testatomic.vcxproj" Type="8bc9ceb8-8b4a-11d0-8d11-00a0c91bc942" Id="fa414126-e173-326b-ae26-79e710a95338">
		<BuildDependency Project="SDL3-shared.vcxproj"/>
		<BuildDependency Project="SDL3_test.vcxproj"/>
		<BuildDependency Project="ZERO_CHECK.vcxproj"/>
	</Project>
	<Project Path="test/testaudio.vcxproj" Type="8bc9ceb8-8b4a-11d0-8d11-00a0c91bc942" Id="77a110a7-7158-3e78-9245-f4b25c501c1f">
		<BuildDependency Project="SDL3-shared.vcxproj"/>
		<BuildDependency Project="SDL3_test.vcxproj"/>
		<BuildDependency Project="ZERO_CHECK.vcxproj"/>
		<BuildDependency Project="test/copy-sdl-test-resources.vcxproj"/>
		<BuildDependency Project="test/sdltests_utils.vcxproj"/>
	</Project>
	<Project Path="test/testaudiohotplug.vcxproj" Type="8bc9ceb8-8b4a-11d0-8d11-00a0c91bc942" Id="50441034-b235-3c94-859f-b6660c6b3d19">
		<BuildDependency Project="SDL3-shared.vcxproj"/>
		<BuildDependency Project="SDL3_test.vcxproj"/>
		<BuildDependency Project="ZERO_CHECK.vcxproj"/>
		<BuildDependency Project="test/copy-sdl-test-resources.vcxproj"/>
		<BuildDependency Project="test/sdltests_utils.vcxproj"/>
	</Project>
	<Project Path="test/testaudioinfo.vcxproj" Type="8bc9ceb8-8b4a-11d0-8d11-00a0c91bc942" Id="b269d31f-ef85-3262-af6a-25f7175f44ee">
		<BuildDependency Project="SDL3-shared.vcxproj"/>
		<BuildDependency Project="SDL3_test.vcxproj"/>
		<BuildDependency Project="ZERO_CHECK.vcxproj"/>
	</Project>
	<Project Path="test/testaudiorecording.vcxproj" Type="8bc9ceb8-8b4a-11d0-8d11-00a0c91bc942" Id="8b967ce9-7b9f-364e-8918-45f0d4feead6">
		<BuildDependency Project="SDL3-shared.vcxproj"/>
		<BuildDependency Project="SDL3_test.vcxproj"/>
		<BuildDependency Project="ZERO_CHECK.vcxproj"/>
	</Project>
	<Project Path="test/testaudiostreamdynamicresample.vcxproj" Type="8bc9ceb8-8b4a-11d0-8d11-00a0c91bc942" Id="c024d0dc-7a52-33a7-a3de-2343d66b846a">
		<BuildDependency Project="SDL3-shared.vcxproj"/>
		<BuildDependency Project="SDL3_test.vcxproj"/>
		<BuildDependency Project="ZERO_CHECK.vcxproj"/>
		<BuildDependency Project="test/copy-sdl-test-resources.vcxproj"/>
		<BuildDependency Project="test/sdltests_utils.vcxproj"/>
	</Project>
	<Project Path="test/testautomation.vcxproj" Type="8bc9ceb8-8b4a-11d0-8d11-00a0c91bc942" Id="7856a3a1-36ef-3351-b420-6ed22842e5d7">
		<BuildDependency Project="SDL3-shared.vcxproj"/>
		<BuildDependency Project="SDL3_test.vcxproj"/>
		<BuildDependency Project="ZERO_CHECK.vcxproj"/>
		<BuildDependency Project="test/copy-sdl-test-resources.vcxproj"/>
	</Project>
	<Project Path="test/testbounds.vcxproj" Type="8bc9ceb8-8b4a-11d0-8d11-00a0c91bc942" Id="b377528e-5def-3d68-be44-4acf95d7a429">
		<BuildDependency Project="SDL3-shared.vcxproj"/>
		<BuildDependency Project="SDL3_test.vcxproj"/>
		<BuildDependency Project="ZERO_CHECK.vcxproj"/>
	</Project>
	<Project Path="test/testcamera.vcxproj" Type="8bc9ceb8-8b4a-11d0-8d11-00a0c91bc942" Id="566ddb6a-cbbc-3882-b1e2-b44e15a8763c">
		<BuildDependency Project="SDL3-shared.vcxproj"/>
		<BuildDependency Project="SDL3_test.vcxproj"/>
		<BuildDependency Project="ZERO_CHECK.vcxproj"/>
	</Project>
	<Project Path="test/testclipboard.vcxproj" Type="8bc9ceb8-8b4a-11d0-8d11-00a0c91bc942" Id="648b3c63-3609-3e0d-99ec-525e690b98fd">
		<BuildDependency Project="SDL3-shared.vcxproj"/>
		<BuildDependency Project="SDL3_test.vcxproj"/>
		<BuildDependency Project="ZERO_CHECK.vcxproj"/>
		<BuildDependency Project="test/generate-icon_png_header.vcxproj"/>
	</Project>
	<Project Path="test/testcolorspace.vcxproj" Type="8bc9ceb8-8b4a-11d0-8d11-00a0c91bc942" Id="0f7b4567-aab2-3b50-bfc5-5ef72f115945">
		<BuildDependency Project="SDL3-shared.vcxproj"/>
		<BuildDependency Project="SDL3_test.vcxproj"/>
		<BuildDependency Project="ZERO_CHECK.vcxproj"/>
	</Project>
	<Project Path="test/testcontroller.vcxproj" Type="8bc9ceb8-8b4a-11d0-8d11-00a0c91bc942" Id="bd245c5d-a05f-329a-8114-e13a9a2aad0f">
		<BuildDependency Project="SDL3-shared.vcxproj"/>
		<BuildDependency Project="SDL3_test.vcxproj"/>
		<BuildDependency Project="ZERO_CHECK.vcxproj"/>
		<BuildDependency Project="test/generate-gamepad_image_headers.vcxproj"/>
		<BuildDependency Project="test/sdltests_utils.vcxproj"/>
	</Project>
	<Project Path="test/testcustomcursor.vcxproj" Type="8bc9ceb8-8b4a-11d0-8d11-00a0c91bc942" Id="9a66a0dd-3fc7-37af-bd07-d1e42896ece3">
		<BuildDependency Project="SDL3-shared.vcxproj"/>
		<BuildDependency Project="SDL3_test.vcxproj"/>
		<BuildDependency Project="ZERO_CHECK.vcxproj"/>
	</Project>
	<Project Path="test/testdialog.vcxproj" Type="8bc9ceb8-8b4a-11d0-8d11-00a0c91bc942" Id="2e2d4038-bc4b-35ab-923b-3491fd83e873">
		<BuildDependency Project="SDL3-shared.vcxproj"/>
		<BuildDependency Project="SDL3_test.vcxproj"/>
		<BuildDependency Project="ZERO_CHECK.vcxproj"/>
	</Project>
	<Project Path="test/testdisplayinfo.vcxproj" Type="8bc9ceb8-8b4a-11d0-8d11-00a0c91bc942" Id="8c4c6439-c3a4-3213-ac19-5bc23d448602">
		<BuildDependency Project="SDL3-shared.vcxproj"/>
		<BuildDependency Project="SDL3_test.vcxproj"/>
		<BuildDependency Project="ZERO_CHECK.vcxproj"/>
	</Project>
	<Project Path="test/testdlopennote.vcxproj" Type="8bc9ceb8-8b4a-11d0-8d11-00a0c91bc942" Id="44241c74-a714-3100-893a-abdb77d39270">
		<BuildDependency Project="SDL3-shared.vcxproj"/>
		<BuildDependency Project="SDL3_test.vcxproj"/>
		<BuildDependency Project="ZERO_CHECK.vcxproj"/>
		<BuildDependency Project="test/sdltests_utils.vcxproj"/>
	</Project>
	<Project Path="test/testdraw.vcxproj" Type="8bc9ceb8-8b4a-11d0-8d11-00a0c91bc942" Id="78435e83-fbfd-3344-9c57-8bf33a727747">
		<BuildDependency Project="SDL3-shared.vcxproj"/>
		<BuildDependency Project="SDL3_test.vcxproj"/>
		<BuildDependency Project="ZERO_CHECK.vcxproj"/>
	</Project>
	<Project Path="test/testdrawchessboard.vcxproj" Type="8bc9ceb8-8b4a-11d0-8d11-00a0c91bc942" Id="7d132e24-2c2b-302f-9d45-cd5fb4535a36">
		<BuildDependency Project="SDL3-shared.vcxproj"/>
		<BuildDependency Project="SDL3_test.vcxproj"/>
		<BuildDependency Project="ZERO_CHECK.vcxproj"/>
	</Project>
	<Project Path="test/testdropfile.vcxproj" Type="8bc9ceb8-8b4a-11d0-8d11-00a0c91bc942" Id="73ac4ac9-4c90-3f4c-a75f-16169b082e6e">
		<BuildDependency Project="SDL3-shared.vcxproj"/>
		<BuildDependency Project="SDL3_test.vcxproj"/>
		<BuildDependency Project="ZERO_CHECK.vcxproj"/>
	</Project>
	<Project Path="test/testerror.vcxproj" Type="8bc9ceb8-8b4a-11d0-8d11-00a0c91bc942" Id="8410f914-914d-35bb-97b7-01aa4b8b2f0d">
		<BuildDependency Project="SDL3-shared.vcxproj"/>
		<BuildDependency Project="SDL3_test.vcxproj"/>
		<BuildDependency Project="ZERO_CHECK.vcxproj"/>
	</Project>
	<Project Path="test/testevdev.vcxproj" Type="8bc9ceb8-8b4a-11d0-8d11-00a0c91bc942" Id="fb336ab6-4d7d-39af-b771-c87c9c20e1fd">
		<BuildDependency Project="SDL3-shared.vcxproj"/>
		<BuildDependency Project="SDL3_test.vcxproj"/>
		<BuildDependency Project="ZERO_CHECK.vcxproj"/>
	</Project>
	<Project Path="test/testfile.vcxproj" Type="8bc9ceb8-8b4a-11d0-8d11-00a0c91bc942" Id="e91d7443-2bd8-36cb-a509-877d854f0a17">
		<BuildDependency Project="SDL3-shared.vcxproj"/>
		<BuildDependency Project="SDL3_test.vcxproj"/>
		<BuildDependency Project="ZERO_CHECK.vcxproj"/>
	</Project>
	<Project Path="test/testfilesystem.vcxproj" Type="8bc9ceb8-8b4a-11d0-8d11-00a0c91bc942" Id="4914199e-4865-3844-aa9a-05036ad488ba">
		<BuildDependency Project="SDL3-shared.vcxproj"/>
		<BuildDependency Project="SDL3_test.vcxproj"/>
		<BuildDependency Project="ZERO_CHECK.vcxproj"/>
	</Project>
	<Project Path="test/testgeometry.vcxproj" Type="8bc9ceb8-8b4a-11d0-8d11-00a0c91bc942" Id="8faa6c4b-fd03-30d2-8296-40cb3b111706">
		<BuildDependency Project="SDL3-shared.vcxproj"/>
		<BuildDependency Project="SDL3_test.vcxproj"/>
		<BuildDependency Project="ZERO_CHECK.vcxproj"/>
		<BuildDependency Project="test/sdltests_utils.vcxproj"/>
	</Project>
	<Project Path="test/testgl.vcxproj" Type="8bc9ceb8-8b4a-11d0-8d11-00a0c91bc942" Id="3264470e-58b6-3aa8-a267-26206832d60a">
		<BuildDependency Project="SDL3-shared.vcxproj"/>
		<BuildDependency Project="SDL3_test.vcxproj"/>
		<BuildDependency Project="ZERO_CHECK.vcxproj"/>
	</Project>
	<Project Path="test/testgles.vcxproj" Type="8bc9ceb8-8b4a-11d0-8d11-00a0c91bc942" Id="b0833aee-d5fc-3024-93e3-08c1631af37b">
		<BuildDependency Project="SDL3-shared.vcxproj"/>
		<BuildDependency Project="SDL3_test.vcxproj"/>
		<BuildDependency Project="ZERO_CHECK.vcxproj"/>
	</Project>
	<Project Path="test/testgles2.vcxproj" Type="8bc9ceb8-8b4a-11d0-8d11-00a0c91bc942" Id="373779d9-a4c1-3e63-b4d4-6a00d60f520c">
		<BuildDependency Project="SDL3-shared.vcxproj"/>
		<BuildDependency Project="SDL3_test.vcxproj"/>
		<BuildDependency Project="ZERO_CHECK.vcxproj"/>
	</Project>
	<Project Path="test/testgpu_simple_clear.vcxproj" Type="8bc9ceb8-8b4a-11d0-8d11-00a0c91bc942" Id="f63014cd-e7f9-3721-9df7-8500a25f6e4f">
		<BuildDependency Project="SDL3-shared.vcxproj"/>
		<BuildDependency Project="SDL3_test.vcxproj"/>
		<BuildDependency Project="ZERO_CHECK.vcxproj"/>
	</Project>
	<Project Path="test/testgpu_spinning_cube.vcxproj" Type="8bc9ceb8-8b4a-11d0-8d11-00a0c91bc942" Id="4fa7352d-fafb-34d5-96cf-8516567c34dd">
		<BuildDependency Project="SDL3-shared.vcxproj"/>
		<BuildDependency Project="SDL3_test.vcxproj"/>
		<BuildDependency Project="ZERO_CHECK.vcxproj"/>
		<BuildDependency Project="test/generate-icon_png_header.vcxproj"/>
	</Project>
	<Project Path="test/testgpu_spinning_cube_xr.vcxproj" Type="8bc9ceb8-8b4a-11d0-8d11-00a0c91bc942" Id="6090aaf8-db38-36ad-850b-4f6bb3e10f4d">
		<BuildDependency Project="SDL3-shared.vcxproj"/>
		<BuildDependency Project="SDL3_test.vcxproj"/>
		<BuildDependency Project="ZERO_CHECK.vcxproj"/>
	</Project>
	<Project Path="test/testgpurender_effects.vcxproj" Type="8bc9ceb8-8b4a-11d0-8d11-00a0c91bc942" Id="0c0684c6-f53b-38b1-8913-b8c06e0a19ab">
		<BuildDependency Project="SDL3-shared.vcxproj"/>
		<BuildDependency Project="SDL3_test.vcxproj"/>
		<BuildDependency Project="ZERO_CHECK.vcxproj"/>
		<BuildDependency Project="test/copy-sdl-test-resources.vcxproj"/>
		<BuildDependency Project="test/sdltests_utils.vcxproj"/>
	</Project>
	<Project Path="test/testgpurender_msdf.vcxproj" Type="8bc9ceb8-8b4a-11d0-8d11-00a0c91bc942" Id="1135fe16-f5a7-322e-b14b-2903d59c9cb7">
		<BuildDependency Project="SDL3-shared.vcxproj"/>
		<BuildDependency Project="SDL3_test.vcxproj"/>
		<BuildDependency Project="ZERO_CHECK.vcxproj"/>
		<BuildDependency Project="test/copy-sdl-test-resources.vcxproj"/>
		<BuildDependency Project="test/sdltests_utils.vcxproj"/>
	</Project>
	<Project Path="test/testhaptic.vcxproj" Type="8bc9ceb8-8b4a-11d0-8d11-00a0c91bc942" Id="1bfcbf6c-5cea-32d0-b4a4-cff6563ff064">
		<BuildDependency Project="SDL3-shared.vcxproj"/>
		<BuildDependency Project="SDL3_test.vcxproj"/>
		<BuildDependency Project="ZERO_CHECK.vcxproj"/>
	</Project>
	<Project Path="test/testhittesting.vcxproj" Type="8bc9ceb8-8b4a-11d0-8d11-00a0c91bc942" Id="569ce535-d8f4-38bd-a723-3525ba442691">
		<BuildDependency Project="SDL3-shared.vcxproj"/>
		<BuildDependency Project="SDL3_test.vcxproj"/>
		<BuildDependency Project="ZERO_CHECK.vcxproj"/>
	</Project>
	<Project Path="test/testhotplug.vcxproj" Type="8bc9ceb8-8b4a-11d0-8d11-00a0c91bc942" Id="6e5bb7a3-80ce-38c2-bc49-c1c6a8407849">
		<BuildDependency Project="SDL3-shared.vcxproj"/>
		<BuildDependency Project="SDL3_test.vcxproj"/>
		<BuildDependency Project="ZERO_CHECK.vcxproj"/>
	</Project>
	<Project Path="test/testiconv.vcxproj" Type="8bc9ceb8-8b4a-11d0-8d11-00a0c91bc942" Id="342c2645-f5a8-31c1-81e6-d3a080c407e4">
		<BuildDependency Project="SDL3-shared.vcxproj"/>
		<BuildDependency Project="SDL3_test.vcxproj"/>
		<BuildDependency Project="ZERO_CHECK.vcxproj"/>
		<BuildDependency Project="test/copy-sdl-test-resources.vcxproj"/>
		<BuildDependency Project="test/sdltests_utils.vcxproj"/>
	</Project>
	<Project Path="test/testime.vcxproj" Type="8bc9ceb8-8b4a-11d0-8d11-00a0c91bc942" Id="7abe6382-c636-3422-91c8-0e1232bb74f9">
		<BuildDependency Project="SDL3-shared.vcxproj"/>
		<BuildDependency Project="SDL3_test.vcxproj"/>
		<BuildDependency Project="ZERO_CHECK.vcxproj"/>
		<BuildDependency Project="test/copy-sdl-test-resources.vcxproj"/>
		<BuildDependency Project="test/sdltests_utils.vcxproj"/>
	</Project>
	<Project Path="test/testintersections.vcxproj" Type="8bc9ceb8-8b4a-11d0-8d11-00a0c91bc942" Id="7d96e16c-893c-3cd7-9433-d3c02b82b2c2">
		<BuildDependency Project="SDL3-shared.vcxproj"/>
		<BuildDependency Project="SDL3_test.vcxproj"/>
		<BuildDependency Project="ZERO_CHECK.vcxproj"/>
	</Project>
	<Project Path="test/testkeys.vcxproj" Type="8bc9ceb8-8b4a-11d0-8d11-00a0c91bc942" Id="29672719-22ab-3dfe-ab40-40d7d8a4a8f9">
		<BuildDependency Project="SDL3-shared.vcxproj"/>
		<BuildDependency Project="SDL3_test.vcxproj"/>
		<BuildDependency Project="ZERO_CHECK.vcxproj"/>
	</Project>
	<Project Path="test/testloadso.vcxproj" Type="8bc9ceb8-8b4a-11d0-8d11-00a0c91bc942" Id="a8fc22aa-7531-3160-97b9-55e9d82e05d6">
		<BuildDependency Project="SDL3-shared.vcxproj"/>
		<BuildDependency Project="SDL3_test.vcxproj"/>
		<BuildDependency Project="ZERO_CHECK.vcxproj"/>
	</Project>
	<Project Path="test/testlocale.vcxproj" Type="8bc9ceb8-8b4a-11d0-8d11-00a0c91bc942" Id="e03ab6f2-9c79-33b6-8caa-903f74a934c7">
		<BuildDependency Project="SDL3-shared.vcxproj"/>
		<BuildDependency Project="SDL3_test.vcxproj"/>
		<BuildDependency Project="ZERO_CHECK.vcxproj"/>
	</Project>
	<Project Path="test/testlock.vcxproj" Type="8bc9ceb8-8b4a-11d0-8d11-00a0c91bc942" Id="40a44baf-1e35-380c-87d5-bb77ae8a2473">
		<BuildDependency Project="SDL3-shared.vcxproj"/>
		<BuildDependency Project="SDL3_test.vcxproj"/>
		<BuildDependency Project="ZERO_CHECK.vcxproj"/>
	</Project>
	<Project Path="test/testmanymouse.vcxproj" Type="8bc9ceb8-8b4a-11d0-8d11-00a0c91bc942" Id="5acd8fbc-843f-3d96-bb83-773b4a40a947">
		<BuildDependency Project="SDL3-shared.vcxproj"/>
		<BuildDependency Project="SDL3_test.vcxproj"/>
		<BuildDependency Project="ZERO_CHECK.vcxproj"/>
	</Project>
	<Project Path="test/testmessage.vcxproj" Type="8bc9ceb8-8b4a-11d0-8d11-00a0c91bc942" Id="f3250fab-54f1-34ac-942a-e0ac6cffae79">
		<BuildDependency Project="SDL3-shared.vcxproj"/>
		<BuildDependency Project="SDL3_test.vcxproj"/>
		<BuildDependency Project="ZERO_CHECK.vcxproj"/>
	</Project>
	<Project Path="test/testmodal.vcxproj" Type="8bc9ceb8-8b4a-11d0-8d11-00a0c91bc942" Id="cb0da112-2950-3424-8425-00239b9f6e46">
		<BuildDependency Project="SDL3-shared.vcxproj"/>
		<BuildDependency Project="SDL3_test.vcxproj"/>
		<BuildDependency Project="ZERO_CHECK.vcxproj"/>
	</Project>
	<Project Path="test/testmouse.vcxproj" Type="8bc9ceb8-8b4a-11d0-8d11-00a0c91bc942" Id="a8031f07-2155-3597-9a30-3e2fea881eb1">
		<BuildDependency Project="SDL3-shared.vcxproj"/>
		<BuildDependency Project="SDL3_test.vcxproj"/>
		<BuildDependency Project="ZERO_CHECK.vcxproj"/>
	</Project>
	<Project Path="test/testmultiaudio.vcxproj" Type="8bc9ceb8-8b4a-11d0-8d11-00a0c91bc942" Id="db83fddf-c85f-3270-9ce8-4db01ba599f4">
		<BuildDependency Project="SDL3-shared.vcxproj"/>
		<BuildDependency Project="SDL3_test.vcxproj"/>
		<BuildDependency Project="ZERO_CHECK.vcxproj"/>
		<BuildDependency Project="test/copy-sdl-test-resources.vcxproj"/>
		<BuildDependency Project="test/sdltests_utils.vcxproj"/>
	</Project>
	<Project Path="test/testnative.vcxproj" Type="8bc9ceb8-8b4a-11d0-8d11-00a0c91bc942" Id="f07c395b-39ee-3a4b-ba24-13271e6c67e5">
		<BuildDependency Project="SDL3-shared.vcxproj"/>
		<BuildDependency Project="SDL3_test.vcxproj"/>
		<BuildDependency Project="ZERO_CHECK.vcxproj"/>
		<BuildDependency Project="test/copy-sdl-test-resources.vcxproj"/>
		<BuildDependency Project="test/sdltests_utils.vcxproj"/>
	</Project>
	<Project Path="test/testnotification.vcxproj" Type="8bc9ceb8-8b4a-11d0-8d11-00a0c91bc942" Id="75e2b822-37ee-3e79-93ef-f181ab04ffc9">
		<BuildDependency Project="SDL3-shared.vcxproj"/>
		<BuildDependency Project="SDL3_test.vcxproj"/>
		<BuildDependency Project="ZERO_CHECK.vcxproj"/>
		<BuildDependency Project="test/copy-sdl-test-resources.vcxproj"/>
	</Project>
	<Project Path="test/testoffscreen.vcxproj" Type="8bc9ceb8-8b4a-11d0-8d11-00a0c91bc942" Id="46387b46-fb95-31ba-98ed-04a0c904edd5">
		<BuildDependency Project="SDL3-shared.vcxproj"/>
		<BuildDependency Project="SDL3_test.vcxproj"/>
		<BuildDependency Project="ZERO_CHECK.vcxproj"/>
	</Project>
	<Project Path="test/testoverlay.vcxproj" Type="8bc9ceb8-8b4a-11d0-8d11-00a0c91bc942" Id="74963ba7-0706-320a-a87f-45e9f3714e0c">
		<BuildDependency Project="SDL3-shared.vcxproj"/>
		<BuildDependency Project="SDL3_test.vcxproj"/>
		<BuildDependency Project="ZERO_CHECK.vcxproj"/>
		<BuildDependency Project="test/copy-sdl-test-resources.vcxproj"/>
		<BuildDependency Project="test/sdltests_utils.vcxproj"/>
	</Project>
	<Project Path="test/testpalette.vcxproj" Type="8bc9ceb8-8b4a-11d0-8d11-00a0c91bc942" Id="680bb1d7-b1bf-3149-8d0c-576258842810">
		<BuildDependency Project="SDL3-shared.vcxproj"/>
		<BuildDependency Project="SDL3_test.vcxproj"/>
		<BuildDependency Project="ZERO_CHECK.vcxproj"/>
	</Project>
	<Project Path="test/testpen.vcxproj" Type="8bc9ceb8-8b4a-11d0-8d11-00a0c91bc942" Id="c57689e6-fc67-3e9e-89f6-8f9335678a29">
		<BuildDependency Project="SDL3-shared.vcxproj"/>
		<BuildDependency Project="SDL3_test.vcxproj"/>
		<BuildDependency Project="ZERO_CHECK.vcxproj"/>
	</Project>
	<Project Path="test/testplatform.vcxproj" Type="8bc9ceb8-8b4a-11d0-8d11-00a0c91bc942" Id="19fbbd68-274a-3e45-84a8-87e914222b57">
		<BuildDependency Project="SDL3-shared.vcxproj"/>
		<BuildDependency Project="SDL3_test.vcxproj"/>
		<BuildDependency Project="ZERO_CHECK.vcxproj"/>
	</Project>
	<Project Path="test/testpopup.vcxproj" Type="8bc9ceb8-8b4a-11d0-8d11-00a0c91bc942" Id="95639637-de73-31fc-a250-b68426f1b8f7">
		<BuildDependency Project="SDL3-shared.vcxproj"/>
		<BuildDependency Project="SDL3_test.vcxproj"/>
		<BuildDependency Project="ZERO_CHECK.vcxproj"/>
	</Project>
	<Project Path="test/testpower.vcxproj" Type="8bc9ceb8-8b4a-11d0-8d11-00a0c91bc942" Id="ea8b9fcf-3cd6-357b-bfad-2808863ae60c">
		<BuildDependency Project="SDL3-shared.vcxproj"/>
		<BuildDependency Project="SDL3_test.vcxproj"/>
		<BuildDependency Project="ZERO_CHECK.vcxproj"/>
	</Project>
	<Project Path="test/testprocess.vcxproj" Type="8bc9ceb8-8b4a-11d0-8d11-00a0c91bc942" Id="617a31af-fa42-3ff1-b8de-889bdb880ddb">
		<BuildDependency Project="SDL3-shared.vcxproj"/>
		<BuildDependency Project="SDL3_test.vcxproj"/>
		<BuildDependency Project="ZERO_CHECK.vcxproj"/>
		<BuildDependency Project="test/childprocess.vcxproj"/>
	</Project>
	<Project Path="test/testqsort.vcxproj" Type="8bc9ceb8-8b4a-11d0-8d11-00a0c91bc942" Id="37f2285f-fa14-3bd1-b102-3433fc2872b1">
		<BuildDependency Project="SDL3-shared.vcxproj"/>
		<BuildDependency Project="SDL3_test.vcxproj"/>
		<BuildDependency Project="ZERO_CHECK.vcxproj"/>
	</Project>
	<Project Path="test/testrelative.vcxproj" Type="8bc9ceb8-8b4a-11d0-8d11-00a0c91bc942" Id="a6c7e3ae-2408-3f91-9f8b-7d4b9a1f9835">
		<BuildDependency Project="SDL3-shared.vcxproj"/>
		<BuildDependency Project="SDL3_test.vcxproj"/>
		<BuildDependency Project="ZERO_CHECK.vcxproj"/>
	</Project>
	<Project Path="test/testrendercopyex.vcxproj" Type="8bc9ceb8-8b4a-11d0-8d11-00a0c91bc942" Id="68fcc40b-78f8-363b-82b3-2533c633f611">
		<BuildDependency Project="SDL3-shared.vcxproj"/>
		<BuildDependency Project="SDL3_test.vcxproj"/>
		<BuildDependency Project="ZERO_CHECK.vcxproj"/>
		<BuildDependency Project="test/copy-sdl-test-resources.vcxproj"/>
		<BuildDependency Project="test/sdltests_utils.vcxproj"/>
	</Project>
	<Project Path="test/testrendertarget.vcxproj" Type="8bc9ceb8-8b4a-11d0-8d11-00a0c91bc942" Id="e6cfa066-d303-3c8a-a296-662eb116383f">
		<BuildDependency Project="SDL3-shared.vcxproj"/>
		<BuildDependency Project="SDL3_test.vcxproj"/>
		<BuildDependency Project="ZERO_CHECK.vcxproj"/>
		<BuildDependency Project="test/copy-sdl-test-resources.vcxproj"/>
		<BuildDependency Project="test/sdltests_utils.vcxproj"/>
	</Project>
	<Project Path="test/testresample.vcxproj" Type="8bc9ceb8-8b4a-11d0-8d11-00a0c91bc942" Id="fb549b8b-60f7-377e-bff1-e266c2ec5dcf">
		<BuildDependency Project="SDL3-shared.vcxproj"/>
		<BuildDependency Project="SDL3_test.vcxproj"/>
		<BuildDependency Project="ZERO_CHECK.vcxproj"/>
		<BuildDependency Project="test/copy-sdl-test-resources.vcxproj"/>
	</Project>
	<Project Path="test/testrotate.vcxproj" Type="8bc9ceb8-8b4a-11d0-8d11-00a0c91bc942" Id="c53edee6-4789-35ba-afb5-9c352119ddbc">
		<BuildDependency Project="SDL3-shared.vcxproj"/>
		<BuildDependency Project="SDL3_test.vcxproj"/>
		<BuildDependency Project="ZERO_CHECK.vcxproj"/>
	</Project>
	<Project Path="test/testrumble.vcxproj" Type="8bc9ceb8-8b4a-11d0-8d11-00a0c91bc942" Id="640f196e-968a-3929-9504-4fd8d051bbc7">
		<BuildDependency Project="SDL3-shared.vcxproj"/>
		<BuildDependency Project="SDL3_test.vcxproj"/>
		<BuildDependency Project="ZERO_CHECK.vcxproj"/>
	</Project>
	<Project Path="test/testrwlock.vcxproj" Type="8bc9ceb8-8b4a-11d0-8d11-00a0c91bc942" Id="3af5a17c-d325-3a13-bc9f-5bf092baeea6">
		<BuildDependency Project="SDL3-shared.vcxproj"/>
		<BuildDependency Project="SDL3_test.vcxproj"/>
		<BuildDependency Project="ZERO_CHECK.vcxproj"/>
	</Project>
	<Project Path="test/testscale.vcxproj" Type="8bc9ceb8-8b4a-11d0-8d11-00a0c91bc942" Id="99d8d74a-6cad-378d-8c2c-3cb7ae279094">
		<BuildDependency Project="SDL3-shared.vcxproj"/>
		<BuildDependency Project="SDL3_test.vcxproj"/>
		<BuildDependency Project="ZERO_CHECK.vcxproj"/>
		<BuildDependency Project="test/copy-sdl-test-resources.vcxproj"/>
		<BuildDependency Project="test/sdltests_utils.vcxproj"/>
	</Project>
	<Project Path="test/testsem.vcxproj" Type="8bc9ceb8-8b4a-11d0-8d11-00a0c91bc942" Id="9659ad3e-94ee-36ac-9b7f-b0627dba300b">
		<BuildDependency Project="SDL3-shared.vcxproj"/>
		<BuildDependency Project="SDL3_test.vcxproj"/>
		<BuildDependency Project="ZERO_CHECK.vcxproj"/>
	</Project>
	<Project Path="test/testsensor.vcxproj" Type="8bc9ceb8-8b4a-11d0-8d11-00a0c91bc942" Id="45bd7590-5319-393a-b5c8-1805d8c00e7c">
		<BuildDependency Project="SDL3-shared.vcxproj"/>
		<BuildDependency Project="SDL3_test.vcxproj"/>
		<BuildDependency Project="ZERO_CHECK.vcxproj"/>
	</Project>
	<Project Path="test/testshader.vcxproj" Type="8bc9ceb8-8b4a-11d0-8d11-00a0c91bc942" Id="be5347f9-b6bf-3e63-94fb-0a24b53ba658">
		<BuildDependency Project="SDL3-shared.vcxproj"/>
		<BuildDependency Project="SDL3_test.vcxproj"/>
		<BuildDependency Project="ZERO_CHECK.vcxproj"/>
		<BuildDependency Project="test/copy-sdl-test-resources.vcxproj"/>
		<BuildDependency Project="test/sdltests_utils.vcxproj"/>
	</Project>
	<Project Path="test/testshape.vcxproj" Type="8bc9ceb8-8b4a-11d0-8d11-00a0c91bc942" Id="b9375aca-6efd-353a-b022-0be6a054bcc0">
		<BuildDependency Project="SDL3-shared.vcxproj"/>
		<BuildDependency Project="SDL3_test.vcxproj"/>
		<BuildDependency Project="ZERO_CHECK.vcxproj"/>
		<BuildDependency Project="test/copy-sdl-test-resources.vcxproj"/>
		<BuildDependency Project="test/generate-glass_png_header.vcxproj"/>
	</Project>
	<Project Path="test/testsoftwaretransparent.vcxproj" Type="8bc9ceb8-8b4a-11d0-8d11-00a0c91bc942" Id="72a25a6a-2f9c-33a8-9132-d74373063956">
		<BuildDependency Project="SDL3-shared.vcxproj"/>
		<BuildDependency Project="SDL3_test.vcxproj"/>
		<BuildDependency Project="ZERO_CHECK.vcxproj"/>
	</Project>
	<Project Path="test/testsprite.vcxproj" Type="8bc9ceb8-8b4a-11d0-8d11-00a0c91bc942" Id="242589be-8813-3b32-aad6-99eb9764eb1a">
		<BuildDependency Project="SDL3-shared.vcxproj"/>
		<BuildDependency Project="SDL3_test.vcxproj"/>
		<BuildDependency Project="ZERO_CHECK.vcxproj"/>
		<BuildDependency Project="test/copy-sdl-test-resources.vcxproj"/>
		<BuildDependency Project="test/sdltests_utils.vcxproj"/>
	</Project>
	<Project Path="test/testspritecxx.vcxproj" Type="8bc9ceb8-8b4a-11d0-8d11-00a0c91bc942" Id="c2bec5f0-645f-356e-84df-5dc3c9354a52">
		<BuildDependency Project="SDL3-shared.vcxproj"/>
		<BuildDependency Project="SDL3_test.vcxproj"/>
		<BuildDependency Project="ZERO_CHECK.vcxproj"/>
		<BuildDependency Project="test/copy-sdl-test-resources.vcxproj"/>
		<BuildDependency Project="test/sdltests_utils.vcxproj"/>
	</Project>
	<Project Path="test/testspriteminimal.vcxproj" Type="8bc9ceb8-8b4a-11d0-8d11-00a0c91bc942" Id="8b573fc1-28fb-36fd-afb4-9fe6b2ff6834">
		<BuildDependency Project="SDL3-shared.vcxproj"/>
		<BuildDependency Project="SDL3_test.vcxproj"/>
		<BuildDependency Project="ZERO_CHECK.vcxproj"/>
		<BuildDependency Project="test/generate-icon_png_header.vcxproj"/>
	</Project>
	<Project Path="test/testspritesurface.vcxproj" Type="8bc9ceb8-8b4a-11d0-8d11-00a0c91bc942" Id="ac87e81a-44a6-3f0b-bc7f-abc0895def56">
		<BuildDependency Project="SDL3-shared.vcxproj"/>
		<BuildDependency Project="SDL3_test.vcxproj"/>
		<BuildDependency Project="ZERO_CHECK.vcxproj"/>
		<BuildDependency Project="test/generate-icon_png_header.vcxproj"/>
	</Project>
	<Project Path="test/testsurround.vcxproj" Type="8bc9ceb8-8b4a-11d0-8d11-00a0c91bc942" Id="63bda58f-2a2d-397f-ba6a-b5bfdf976bdc">
		<BuildDependency Project="SDL3-shared.vcxproj"/>
		<BuildDependency Project="SDL3_test.vcxproj"/>
		<BuildDependency Project="ZERO_CHECK.vcxproj"/>
	</Project>
	<Project Path="test/testsymbols.vcxproj" Type="8bc9ceb8-8b4a-11d0-8d11-00a0c91bc942" Id="f095af78-aae1-30d7-8680-59f8937b255b">
		<BuildDependency Project="SDL3-shared.vcxproj"/>
		<BuildDependency Project="SDL3_test.vcxproj"/>
		<BuildDependency Project="ZERO_CHECK.vcxproj"/>
	</Project>
	<Project Path="test/testthread.vcxproj" Type="8bc9ceb8-8b4a-11d0-8d11-00a0c91bc942" Id="ca19d30a-4fb3-354b-a2e3-16c32d5ea079">
		<BuildDependency Project="SDL3-shared.vcxproj"/>
		<BuildDependency Project="SDL3_test.vcxproj"/>
		<BuildDependency Project="ZERO_CHECK.vcxproj"/>
	</Project>
	<Project Path="test/testtime.vcxproj" Type="8bc9ceb8-8b4a-11d0-8d11-00a0c91bc942" Id="bedcf9d4-3042-3b36-b1b0-408b35eb7234">
		<BuildDependency Project="SDL3-shared.vcxproj"/>
		<BuildDependency Project="SDL3_test.vcxproj"/>
		<BuildDependency Project="ZERO_CHECK.vcxproj"/>
	</Project>
	<Project Path="test/testtimer.vcxproj" Type="8bc9ceb8-8b4a-11d0-8d11-00a0c91bc942" Id="0a1bf4d4-8058-3e40-9226-30d58bf3fb18">
		<BuildDependency Project="SDL3-shared.vcxproj"/>
		<BuildDependency Project="SDL3_test.vcxproj"/>
		<BuildDependency Project="ZERO_CHECK.vcxproj"/>
	</Project>
	<Project Path="test/testtray.vcxproj" Type="8bc9ceb8-8b4a-11d0-8d11-00a0c91bc942" Id="dd9a818c-4ee5-395c-b3ae-55bdc3857833">
		<BuildDependency Project="SDL3-shared.vcxproj"/>
		<BuildDependency Project="SDL3_test.vcxproj"/>
		<BuildDependency Project="ZERO_CHECK.vcxproj"/>
		<BuildDependency Project="test/copy-sdl-test-resources.vcxproj"/>
		<BuildDependency Project="test/sdltests_utils.vcxproj"/>
	</Project>
	<Project Path="test/testurl.vcxproj" Type="8bc9ceb8-8b4a-11d0-8d11-00a0c91bc942" Id="f9267333-d203-3935-85de-8b7f2d9947e0">
		<BuildDependency Project="SDL3-shared.vcxproj"/>
		<BuildDependency Project="SDL3_test.vcxproj"/>
		<BuildDependency Project="ZERO_CHECK.vcxproj"/>
	</Project>
	<Project Path="test/testver.vcxproj" Type="8bc9ceb8-8b4a-11d0-8d11-00a0c91bc942" Id="a67240c4-32d1-319d-9fd4-e4110b513702">
		<BuildDependency Project="SDL3-shared.vcxproj"/>
		<BuildDependency Project="SDL3_test.vcxproj"/>
		<BuildDependency Project="ZERO_CHECK.vcxproj"/>
	</Project>
	<Project Path="test/testviewport.vcxproj" Type="8bc9ceb8-8b4a-11d0-8d11-00a0c91bc942" Id="502bf8ba-fe8a-3686-ad15-829b34281861">
		<BuildDependency Project="SDL3-shared.vcxproj"/>
		<BuildDependency Project="SDL3_test.vcxproj"/>
		<BuildDependency Project="ZERO_CHECK.vcxproj"/>
		<BuildDependency Project="test/copy-sdl-test-resources.vcxproj"/>
		<BuildDependency Project="test/sdltests_utils.vcxproj"/>
	</Project>
	<Project Path="test/testvulkan.vcxproj" Type="8bc9ceb8-8b4a-11d0-8d11-00a0c91bc942" Id="21f1f702-8814-315e-8796-09f5714cbc57">
		<BuildDependency Project="SDL3-shared.vcxproj"/>
		<BuildDependency Project="SDL3_test.vcxproj"/>
		<BuildDependency Project="ZERO_CHECK.vcxproj"/>
	</Project>
	<Project Path="test/testwm.vcxproj" Type="8bc9ceb8-8b4a-11d0-8d11-00a0c91bc942" Id="3444d10f-d505-3942-b764-8fb8603fb392">
		<BuildDependency Project="SDL3-shared.vcxproj"/>
		<BuildDependency Project="SDL3_test.vcxproj"/>
		<BuildDependency Project="ZERO_CHECK.vcxproj"/>
	</Project>
	<Project Path="test/testyuv.vcxproj" Type="8bc9ceb8-8b4a-11d0-8d11-00a0c91bc942" Id="5cb0fa2f-3c78-3eeb-8bb4-3d4b7e1b550e">
		<BuildDependency Project="SDL3-shared.vcxproj"/>
		<BuildDependency Project="SDL3_test.vcxproj"/>
		<BuildDependency Project="ZERO_CHECK.vcxproj"/>
		<BuildDependency Project="test/copy-sdl-test-resources.vcxproj"/>
		<BuildDependency Project="test/sdltests_utils.vcxproj"/>
	</Project>
	<Project Path="test/torturethread.vcxproj" Type="8bc9ceb8-8b4a-11d0-8d11-00a0c91bc942" Id="2d6e1d66-af34-3126-80b6-481780e11947">
		<BuildDependency Project="SDL3-shared.vcxproj"/>
		<BuildDependency Project="SDL3_test.vcxproj"/>
		<BuildDependency Project="ZERO_CHECK.vcxproj"/>
	</Project>
	<Project Path="uninstall.vcxproj" Type="8bc9ceb8-8b4a-11d0-8d11-00a0c91bc942" Id="72709a23-8d60-3000-ad16-c860ad3baf18">
		<BuildDependency Project="ZERO_CHECK.vcxproj"/>
		<Build Solution="RelWithDebInfo|*" Project="false"/>
		<Build Solution="Debug|*" Project="false"/>
		<Build Solution="Release|*" Project="false"/>
		<Build Solution="MinSizeRel|*" Project="false"/>
	</Project>
</Solution>
